
Microsoft Visual Studio Solution File, Format Version 12.00
# Visual Studio Version 17
VisualStudioVersion = 17.7.33711.374
MinimumVisualStudioVersion = 10.0.40219.1
Project("{FAE04EC0-301F-11D3-BF4B-00C04F79EFBC}") = "KohoTheme", "KohoTheme\KohoTheme.csproj", "{7D8EB3AC-490F-4662-A0BB-934923C1FAEF}"
EndProject
Global
	GlobalSection(SolutionConfigurationPlatforms) = preSolution
		Debug|Any CPU = Debug|Any CPU
		Release|Any CPU = Release|Any CPU
	EndGlobalSection
	GlobalSection(ProjectConfigurationPlatforms) = postSolution
		{7D8EB3AC-490F-4662-A0BB-934923C1FAEF}.Debug|Any CPU.ActiveCfg = Debug|Any CPU
		{7D8EB3AC-490F-4662-A0BB-934923C1FAEF}.Debug|Any CPU.Build.0 = Debug|Any CPU
		{7D8EB3AC-490F-4662-A0BB-934923C1FAEF}.Release|Any CPU.ActiveCfg = Release|Any CPU
		{7D8EB3AC-490F-4662-A0BB-934923C1FAEF}.Release|Any CPU.Build.0 = Release|Any CPU
	EndGlobalSection
	GlobalSection(SolutionProperties) = preSolution
		HideSolutionNode = FALSE
	EndGlobalSection
	GlobalSection(ExtensibilityGlobals) = postSolution
		SolutionGuid = {7BB23A30-EDEB-4F42-91FA-235A2C3CA962}
	EndGlobalSection
EndGlobal
